<?xml version="1.0" encoding="utf-8"?>
<Project ToolsVersion="4.0" xmlns="http://schemas.microsoft.com/developer/msbuild/2003">
  <ItemGroup>
    <Filter Include="Source Files">
      <UniqueIdentifier>{4FC737F1-C7A5-4376-A066-2A32D752A2FF}</UniqueIdentifier>
      <Extensions>cpp;c;cc;cxx;def;odl;idl;hpj;bat;asm;asmx</Extensions>
    </Filter>
    <Filter Include="Header Files">
      <UniqueIdentifier>{93995380-89BD-4b04-88EB-625FBE52EBFB}</UniqueIdentifier>
      <Extensions>h;hpp;hxx;hm;inl;inc;xsd</Extensions>
    </Filter>
    <Filter Include="Source Files\Audio">
      <UniqueIdentifier>{50d12ed0-16e4-4c84-bffd-98309244a8c4}</UniqueIdentifier>
    </Filter>
    <Filter Include="Source Files\LUA">
      <UniqueIdentifier>{45cd6ac2-004b-45a8-b335-838c9682fdcc}</UniqueIdentifier>
    </Filter>
    <Filter Include="Source Files\GL">
      <UniqueIdentifier>{344c3be2-66ed-48a5-8f7e-4dbb79494b8a}</UniqueIdentifier>
    </Filter>
    <Filter Include="Header Files\Engine">
      <UniqueIdentifier>{e33c7bbe-288a-4c90-b439-4bc62f945fca}</UniqueIdentifier>
    </Filter>
    <Filter Include="Source Files\Engine">
      <UniqueIdentifier>{c834d6d9-bf0b-4bc0-9cc1-a455cffd7c22}</UniqueIdentifier>
    </Filter>
    <Filter Include="Source Files\Engine\Components">
      <UniqueIdentifier>{998284fa-ffeb-4aaa-bb56-971a7d83d5eb}</UniqueIdentifier>
    </Filter>
    <Filter Include="Source Files\Engine\Systems">
      <UniqueIdentifier>{ea40a291-6ac1-41d4-b3d2-a18c7bd73d5d}</UniqueIdentifier>
    </Filter>
    <Filter Include="Resource Files">
      <UniqueIdentifier>{67DA6AB6-F800-4c08-8B7A-83BB121AAD01}</UniqueIdentifier>
      <Extensions>rc;ico;cur;bmp;dlg;rc2;rct;bin;rgs;gif;jpg;jpeg;jpe;resx;tiff;tif;png;wav;mfcribbon-ms</Extensions>
    </Filter>
    <Filter Include="Header Files\Components">
      <UniqueIdentifier>{6cc74a26-7bc2-4d67-81f3-33970e5a4ea3}</UniqueIdentifier>
    </Filter>
    <Filter Include="Header Files\Systems">
      <UniqueIdentifier>{39672591-0664-4a11-b292-a7f2d13e03bb}</UniqueIdentifier>
    </Filter>
    <Filter Include="Header Files\Lua">
      <UniqueIdentifier>{21a85d4e-3e56-4cae-95ad-f37e27ff1b35}</UniqueIdentifier>
    </Filter>
  </ItemGroup>
  <ItemGroup>
    <ClCompile Include="gl.cpp">
      <Filter>Source Files\GL</Filter>
    </ClCompile>
    <ClCompile Include="entity.cpp">
      <Filter>Source Files\Engine</Filter>
    </ClCompile>
    <ClCompile Include="world.cpp">
      <Filter>Source Files\Engine</Filter>
    </ClCompile>
    <ClCompile Include="system.cpp">
      <Filter>Source Files\Engine</Filter>
    </ClCompile>
    <ClCompile Include="perfMeasureSystem.cpp">
      <Filter>Source Files\Engine\Systems</Filter>
    </ClCompile>
    <ClCompile Include="main.cpp">
      <Filter>Source Files</Filter>
    </ClCompile>
    <ClCompile Include="testRenderSystem.cpp">
      <Filter>Source Files\Engine\Systems</Filter>
    </ClCompile>
    <ClCompile Include="compDecl.cpp">
      <Filter>Source Files\Engine\Components</Filter>
    </ClCompile>
    <ClCompile Include="component.cpp">
      <Filter>Source Files\Engine</Filter>
    </ClCompile>
    <ClCompile Include="compLua.cpp">
      <Filter>Source Files\Engine\Components</Filter>
    </ClCompile>
    <ClCompile Include="luaTest.cpp">
      <Filter>Source Files\LUA</Filter>
    </ClCompile>
    <ClCompile Include="luaMap.cpp">
      <Filter>Source Files\LUA</Filter>
    </ClCompile>
    <ClCompile Include="movementSystem.cpp">
      <Filter>Source Files\Engine\Systems</Filter>
    </ClCompile>
    <ClCompile Include="luaSystem.cpp">
      <Filter>Source Files\LUA</Filter>
    </ClCompile>
    <ClCompile Include="entityManager.cpp">
      <Filter>Source Files\Engine</Filter>
    </ClCompile>
    <ClCompile Include="componentStore.cpp">
      <Filter>Source Files\Engine</Filter>
    </ClCompile>
  </ItemGroup>
  <ItemGroup>
    <ClInclude Include="gl.h">
      <Filter>Header Files</Filter>
    </ClInclude>
    <ClInclude Include="component.h">
      <Filter>Header Files\Engine</Filter>
    </ClInclude>
    <ClInclude Include="entity.h">
      <Filter>Header Files\Engine</Filter>
    </ClInclude>
    <ClInclude Include="system.h">
      <Filter>Header Files\Engine</Filter>
    </ClInclude>
    <ClInclude Include="world.h">
      <Filter>Header Files\Engine</Filter>
    </ClInclude>
    <ClInclude Include="luaTest.h">
      <Filter>Header Files\Lua</Filter>
    </ClInclude>
    <ClInclude Include="compDecl.h">
      <Filter>Header Files\Components</Filter>
    </ClInclude>
    <ClInclude Include="sysDecl.h">
      <Filter>Header Files\Systems</Filter>
    </ClInclude>
    <ClInclude Include="compLua.h">
      <Filter>Header Files\Components</Filter>
    </ClInclude>
    <ClInclude Include="luaMap.h">
      <Filter>Header Files\Lua</Filter>
    </ClInclude>
    <ClInclude Include="compTypes.h">
      <Filter>Header Files\Components</Filter>
    </ClInclude>
    <ClInclude Include="entityManager.h">
      <Filter>Header Files\Engine</Filter>
    </ClInclude>
    <ClInclude Include="componentStore.h">
      <Filter>Header Files\Engine</Filter>
    </ClInclude>
  </ItemGroup>
</Project>